
Microsoft Visual Studio Solution File, Format Version 12.00
# Visual Studio 14
VisualStudioVersion = 14.0.22310.1
MinimumVisualStudioVersion = 10.0.40219.1
Project("{2150E333-8FDC-42A3-9474-1A3956D46DE8}") = "Engine", "Engine", "{0D2F0583-E45B-403C-9023-7CA7EE131B61}"
EndProject
Project("{2150E333-8FDC-42A3-9474-1A3956D46DE8}") = "Games", "Games", "{44D8B79E-C4E4-4896-B88E-6C3EF042F150}"
EndProject
Project("{8BC9CEB8-8B4A-11D0-8D11-00A0C91BC942}") = "UE4", "Intermediate\ProjectFiles\UE4.vcxproj", "{5F0C482A-29C7-40B4-9F16-583F8B7E5C6C}"
EndProject
Project("{8BC9CEB8-8B4A-11D0-8D11-00A0C91BC942}") = "FinalProject", "Intermediate\ProjectFiles\FinalProject.vcxproj", "{8E818495-54DF-408A-9A19-9931D7C6C03C}"
EndProject
Global
	GlobalSection(SolutionConfigurationPlatforms) = preSolution
		DebugGame Editor|Win32 = DebugGame Editor|Win32
		DebugGame Editor|Win64 = DebugGame Editor|Win64
		DebugGame|Win32 = DebugGame|Win32
		DebugGame|Win64 = DebugGame|Win64
		Development Editor|Win32 = Development Editor|Win32
		Development Editor|Win64 = Development Editor|Win64
		Development|Win32 = Development|Win32
		Development|Win64 = Development|Win64
		Shipping|Win32 = Shipping|Win32
		Shipping|Win64 = Shipping|Win64
	EndGlobalSection
	GlobalSection(ProjectConfigurationPlatforms) = postSolution
		{8E818495-54DF-408A-9A19-9931D7C6C03C}.DebugGame Editor|Win32.ActiveCfg = DebugGame_Editor|Win32
		{8E818495-54DF-408A-9A19-9931D7C6C03C}.DebugGame Editor|Win32.Build.0 = DebugGame_Editor|Win32
		{8E818495-54DF-408A-9A19-9931D7C6C03C}.DebugGame Editor|Win64.ActiveCfg = DebugGame_Editor|x64
		{8E818495-54DF-408A-9A19-9931D7C6C03C}.DebugGame Editor|Win64.Build.0 = DebugGame_Editor|x64
		{8E818495-54DF-408A-9A19-9931D7C6C03C}.DebugGame|Win32.ActiveCfg = DebugGame_Game|Win32
		{8E818495-54DF-408A-9A19-9931D7C6C03C}.DebugGame|Win32.Build.0 = DebugGame_Game|Win32
		{8E818495-54DF-408A-9A19-9931D7C6C03C}.DebugGame|Win64.ActiveCfg = DebugGame_Game|x64
		{8E818495-54DF-408A-9A19-9931D7C6C03C}.DebugGame|Win64.Build.0 = DebugGame_Game|x64
		{8E818495-54DF-408A-9A19-9931D7C6C03C}.Development Editor|Win32.ActiveCfg = Development_Editor|Win32
		{8E818495-54DF-408A-9A19-9931D7C6C03C}.Development Editor|Win32.Build.0 = Development_Editor|Win32
		{8E818495-54DF-408A-9A19-9931D7C6C03C}.Development Editor|Win64.ActiveCfg = Development_Editor|x64
		{8E818495-54DF-408A-9A19-9931D7C6C03C}.Development Editor|Win64.Build.0 = Development_Editor|x64
		{8E818495-54DF-408A-9A19-9931D7C6C03C}.Development|Win32.ActiveCfg = Development_Game|Win32
		{8E818495-54DF-408A-9A19-9931D7C6C03C}.Development|Win32.Build.0 = Development_Game|Win32
		{8E818495-54DF-408A-9A19-9931D7C6C03C}.Development|Win64.ActiveCfg = Development_Game|x64
		{8E818495-54DF-408A-9A19-9931D7C6C03C}.Development|Win64.Build.0 = Development_Game|x64
		{8E818495-54DF-408A-9A19-9931D7C6C03C}.Shipping|Win32.ActiveCfg = Shipping_Game|Win32
		{8E818495-54DF-408A-9A19-9931D7C6C03C}.Shipping|Win32.Build.0 = Shipping_Game|Win32
		{8E818495-54DF-408A-9A19-9931D7C6C03C}.Shipping|Win64.ActiveCfg = Shipping_Game|x64
		{8E818495-54DF-408A-9A19-9931D7C6C03C}.Shipping|Win64.Build.0 = Shipping_Game|x64
	EndGlobalSection
	GlobalSection(SolutionProperties) = preSolution
		HideSolutionNode = FALSE
	EndGlobalSection
	GlobalSection(NestedProjects) = preSolution
		{5F0C482A-29C7-40B4-9F16-583F8B7E5C6C} = {0D2F0583-E45B-403C-9023-7CA7EE131B61}
		{8E818495-54DF-408A-9A19-9931D7C6C03C} = {44D8B79E-C4E4-4896-B88E-6C3EF042F150}
	EndGlobalSection
EndGlobal
